
Microsoft Visual Studio Solution File, Format Version 12.00
# Visual Studio Version 17
VisualStudioVersion = 17.0.31903.59
MinimumVisualStudioVersion = 10.0.40219.1
Project("{FAE04EC0-301F-11D3-BF4B-00C04F79EFBC}") = "Inheritance", "Inheritance\Inheritance.csproj", "{2DA2C879-8D9A-47A6-8424-E0706963B866}"
EndProject
Global
	GlobalSection(SolutionConfigurationPlatforms) = preSolution
		Debug|Any CPU = Debug|Any CPU
		Release|Any CPU = Release|Any CPU
	EndGlobalSection
	GlobalSection(ProjectConfigurationPlatforms) = postSolution
		{2DA2C879-8D9A-47A6-8424-E0706963B866}.Debug|Any CPU.ActiveCfg = Debug|Any CPU
		{2DA2C879-8D9A-47A6-8424-E0706963B866}.Debug|Any CPU.Build.0 = Debug|Any CPU
		{2DA2C879-8D9A-47A6-8424-E0706963B866}.Release|Any CPU.ActiveCfg = Release|Any CPU
		{2DA2C879-8D9A-47A6-8424-E0706963B866}.Release|Any CPU.Build.0 = Release|Any CPU
	EndGlobalSection
	GlobalSection(SolutionProperties) = preSolution
		HideSolutionNode = FALSE
	EndGlobalSection
	GlobalSection(ExtensibilityGlobals) = postSolution
		SolutionGuid = {63277E1A-B7F2-4256-AAD2-1E6F59929642}
	EndGlobalSection
EndGlobal
